PODS:
  - Auth0 (1.19.3):
    - SimpleKeychain
  - MaterialComponents/AnimationTiming (94.1.0)
  - MaterialComponents/Buttons (94.1.0):
    - MaterialComponents/Elevation
    - MaterialComponents/Ink
    - MaterialComponents/private/Math
    - MaterialComponents/Ripple
    - MaterialComponents/ShadowElevations
    - MaterialComponents/ShadowLayer
    - MaterialComponents/Shapes
    - MaterialComponents/Typography
    - MDFInternationalization
    - MDFTextAccessibility
  - MaterialComponents/Cards (94.1.0):
    - MaterialComponents/Elevation
    - MaterialComponents/Ink
    - MaterialComponents/private/Icons/ic_check_circle
    - MaterialComponents/private/Math
    - MaterialComponents/Ripple
    - MaterialComponents/ShadowLayer
    - MaterialComponents/Shapes
  - MaterialComponents/Elevation (94.1.0):
    - MaterialComponents/private/Color
    - MaterialComponents/private/Math
  - MaterialComponents/Ink (94.1.0):
    - MaterialComponents/private/Color
    - MaterialComponents/private/Math
  - MaterialComponents/private/Application (94.1.0)
  - MaterialComponents/private/Color (94.1.0)
  - MaterialComponents/private/Icons/Base (94.1.0)
  - MaterialComponents/private/Icons/ic_check_circle (94.1.0):
    - MaterialComponents/private/Icons/Base
  - MaterialComponents/private/Math (94.1.0)
  - MaterialComponents/Ripple (94.1.0):
    - MaterialComponents/AnimationTiming
    - MaterialComponents/private/Color
    - MaterialComponents/private/Math
  - MaterialComponents/ShadowElevations (94.1.0)
  - MaterialComponents/ShadowLayer (94.1.0):
    - MaterialComponents/ShadowElevations
  - MaterialComponents/Shapes (94.1.0):
    - MaterialComponents/private/Color
    - MaterialComponents/private/Math
    - MaterialComponents/ShadowLayer
  - MaterialComponents/Typography (94.1.0):
    - MaterialComponents/private/Application
    - MaterialComponents/private/Math
  - MDFInternationalization (2.0.0)
  - MDFTextAccessibility (2.0.0)
  - SimpleKeychain (0.9.0)

DEPENDENCIES:
  - Auth0 (~> 1.19)
  - MaterialComponents/Buttons
  - MaterialComponents/Cards

SPEC REPOS:
  trunk:
    - Auth0
    - MaterialComponents
    - MDFInternationalization
    - MDFTextAccessibility
    - SimpleKeychain

SPEC CHECKSUMS:
  Auth0: 195ea089de471c72bf95eb5320ff86c224debf3c
  MaterialComponents: c00d0dac9a2cbb05ddfa1614711c9dad7620b8f7
  MDFInternationalization: 010097556d6b09d2c4ea38e0820ea6d37be6a314
  MDFTextAccessibility: 85c09a1bd9c321f494348e632a25063bcda35a53
  SimpleKeychain: 3be49072fd2d82de8fa83d847ef1e548622f8fc5

PODFILE CHECKSUM: 7c9de2275d3f45a8ed83c80a7551458b6f6e9127

COCOAPODS: 1.8.4
