// !$*UTF8*$!
{
	archiveVersion = 1;
	classes = {
	};
	objectVersion = 51;
	objects = {

/* Begin PBXBuildFile section */
		21F200BE198662C9BEA7772E /* Pods_GameHub_iOS.framework in Frameworks */ = {isa = PBXBuildFile; fileRef = C7EFCCA634CBB77CC5A4EC2B /* Pods_GameHub_iOS.framework */; };
		471BEE28DD9396B2DE74ECAA /* Pods_GameHub_iOS_GameHub_iOSUITests.framework in Frameworks */ = {isa = PBXBuildFile; fileRef = EA9361EB26749185FB1634F3 /* Pods_GameHub_iOS_GameHub_iOSUITests.framework */; };
		4E2349BE239ECC89003AB6DD /* loading_infinity.json in Resources */ = {isa = PBXBuildFile; fileRef = 4E2349BD239ECC89003AB6DD /* loading_infinity.json */; };
		4E3EE1A92399AFE1006E1670 /* PartyIdentifierDTO.swift in Sources */ = {isa = PBXBuildFile; fileRef = 4E3EE1A82399AFE1006E1670 /* PartyIdentifierDTO.swift */; };
		4E48CC572393B6FD009680DD /* MapViewController.swift in Sources */ = {isa = PBXBuildFile; fileRef = 4E48CC562393B6FD009680DD /* MapViewController.swift */; };
		4E7B51BD23A29D400005CF46 /* SessionManager.swift in Sources */ = {isa = PBXBuildFile; fileRef = 4E7B51BC23A29D400005CF46 /* SessionManager.swift */; };
		4E7EE054238C20FC0070FC1D /* AppDelegate.swift in Sources */ = {isa = PBXBuildFile; fileRef = 4E7EE053238C20FC0070FC1D /* AppDelegate.swift */; };
		4E7EE056238C20FC0070FC1D /* SceneDelegate.swift in Sources */ = {isa = PBXBuildFile; fileRef = 4E7EE055238C20FC0070FC1D /* SceneDelegate.swift */; };
		4E7EE05B238C20FC0070FC1D /* Main.storyboard in Resources */ = {isa = PBXBuildFile; fileRef = 4E7EE059238C20FC0070FC1D /* Main.storyboard */; };
		4E7EE05E238C20FC0070FC1D /* GameHub_iOS.xcdatamodeld in Sources */ = {isa = PBXBuildFile; fileRef = 4E7EE05C238C20FC0070FC1D /* GameHub_iOS.xcdatamodeld */; };
		4E7EE060238C20FE0070FC1D /* Assets.xcassets in Resources */ = {isa = PBXBuildFile; fileRef = 4E7EE05F238C20FE0070FC1D /* Assets.xcassets */; };
		4E7EE063238C20FE0070FC1D /* LaunchScreen.storyboard in Resources */ = {isa = PBXBuildFile; fileRef = 4E7EE061238C20FE0070FC1D /* LaunchScreen.storyboard */; };
		4E7EE06E238C20FE0070FC1D /* GameHub_iOSTests.swift in Sources */ = {isa = PBXBuildFile; fileRef = 4E7EE06D238C20FE0070FC1D /* GameHub_iOSTests.swift */; };
		4E7EE079238C20FE0070FC1D /* GameHub_iOSUITests.swift in Sources */ = {isa = PBXBuildFile; fileRef = 4E7EE078238C20FE0070FC1D /* GameHub_iOSUITests.swift */; };
		4EA0D793239BC2470044A245 /* SwipeOverlay.swift in Sources */ = {isa = PBXBuildFile; fileRef = 4EA0D792239BC2470044A245 /* SwipeOverlay.swift */; };
		4EAC10B5238D1AFF0092D423 /* Game.swift in Sources */ = {isa = PBXBuildFile; fileRef = 4EAC10B4238D1AFF0092D423 /* Game.swift */; };
		4EAC10B7238D1B310092D423 /* GameType.swift in Sources */ = {isa = PBXBuildFile; fileRef = 4EAC10B6238D1B310092D423 /* GameType.swift */; };
		4EAC10B9238D1B8B0092D423 /* Party.swift in Sources */ = {isa = PBXBuildFile; fileRef = 4EAC10B8238D1B8B0092D423 /* Party.swift */; };
		4EAC10BD238D1BB20092D423 /* UserRole.swift in Sources */ = {isa = PBXBuildFile; fileRef = 4EAC10BC238D1BB20092D423 /* UserRole.swift */; };
		4EAC10BF238D1BE10092D423 /* User.swift in Sources */ = {isa = PBXBuildFile; fileRef = 4EAC10BE238D1BE10092D423 /* User.swift */; };
		4EAC10C2238D29520092D423 /* CardStackViewController.swift in Sources */ = {isa = PBXBuildFile; fileRef = 4EAC10C1238D29520092D423 /* CardStackViewController.swift */; };
		4EAC10C5238D2DB10092D423 /* PartyTableViewCell.swift in Sources */ = {isa = PBXBuildFile; fileRef = 4EAC10C3238D2DB10092D423 /* PartyTableViewCell.swift */; };
		4EAC10C6238D2DB10092D423 /* PartyTableViewCell.xib in Resources */ = {isa = PBXBuildFile; fileRef = 4EAC10C4238D2DB10092D423 /* PartyTableViewCell.xib */; };
		4EC71AD12392BB3C00F2FA1A /* Auth0.plist in Resources */ = {isa = PBXBuildFile; fileRef = 4EC71AD02392BB3C00F2FA1A /* Auth0.plist */; };
		4EC71AD32392BEB200F2FA1A /* AuthenticationViewController.swift in Sources */ = {isa = PBXBuildFile; fileRef = 4EC71AD22392BEB200F2FA1A /* AuthenticationViewController.swift */; };
		4EC71AD52392C79700F2FA1A /* PartyOverviewViewController.swift in Sources */ = {isa = PBXBuildFile; fileRef = 4EC71AD42392C79700F2FA1A /* PartyOverviewViewController.swift */; };
		4EC71AD72392E2F400F2FA1A /* NetworkManager.swift in Sources */ = {isa = PBXBuildFile; fileRef = 4EC71AD62392E2F400F2FA1A /* NetworkManager.swift */; };
		4EC71AD92392FFE000F2FA1A /* GamesNetworkContainer.swift in Sources */ = {isa = PBXBuildFile; fileRef = 4EC71AD82392FFE000F2FA1A /* GamesNetworkContainer.swift */; };
		4EC71ADB2393131000F2FA1A /* PartiesNetworkContainer.swift in Sources */ = {isa = PBXBuildFile; fileRef = 4EC71ADA2393131000F2FA1A /* PartiesNetworkContainer.swift */; };
		4EC71ADD2393163C00F2FA1A /* Location.swift in Sources */ = {isa = PBXBuildFile; fileRef = 4EC71ADC2393163C00F2FA1A /* Location.swift */; };
		4ED7B1D42395D9FC004F62D2 /* SettingsViewController.swift in Sources */ = {isa = PBXBuildFile; fileRef = 4ED7B1D32395D9FC004F62D2 /* SettingsViewController.swift */; };
		4EDC2EA723A4E56B003A0CB8 /* RegisterDTO.swift in Sources */ = {isa = PBXBuildFile; fileRef = 4EDC2EA623A4E56B003A0CB8 /* RegisterDTO.swift */; };
		4EDC2EA923A4F9A7003A0CB8 /* LoginDTO.swift in Sources */ = {isa = PBXBuildFile; fileRef = 4EDC2EA823A4F9A7003A0CB8 /* LoginDTO.swift */; };
		4EDC2EAB23A4FC6B003A0CB8 /* UserNetworkContainer.swift in Sources */ = {isa = PBXBuildFile; fileRef = 4EDC2EAA23A4FC6B003A0CB8 /* UserNetworkContainer.swift */; };
		4EDD4DDC239C33EC00595F56 /* error.json in Resources */ = {isa = PBXBuildFile; fileRef = 4EDD4DDB239C33EC00595F56 /* error.json */; };
		4EDD4DE0239C492900595F56 /* DateParser.swift in Sources */ = {isa = PBXBuildFile; fileRef = 4EDD4DDF239C492900595F56 /* DateParser.swift */; };
		72061261DC51E0367A19F272 /* Pods_GameHub_iOSTests.framework in Frameworks */ = {isa = PBXBuildFile; fileRef = 78E6BE7CCAD36CC2847CD229 /* Pods_GameHub_iOSTests.framework */; };
/* End PBXBuildFile section */

/* Begin PBXContainerItemProxy section */
		4E7EE06A238C20FE0070FC1D /* PBXContainerItemProxy */ = {
			isa = PBXContainerItemProxy;
			containerPortal = 4E7EE048238C20FC0070FC1D /* Project object */;
			proxyType = 1;
			remoteGlobalIDString = 4E7EE04F238C20FC0070FC1D;
			remoteInfo = "GameHub-iOS";
		};
		4E7EE075238C20FE0070FC1D /* PBXContainerItemProxy */ = {
			isa = PBXContainerItemProxy;
			containerPortal = 4E7EE048238C20FC0070FC1D /* Project object */;
			proxyType = 1;
			remoteGlobalIDString = 4E7EE04F238C20FC0070FC1D;
			remoteInfo = "GameHub-iOS";
		};
/* End PBXContainerItemProxy section */

/* Begin PBXFileReference section */
		03CA9DE0440D134B4365C9BF /* Pods-GameHub-iOS.release.xcconfig */ = {isa = PBXFileReference; includeInIndex = 1; lastKnownFileType = text.xcconfig; name = "Pods-GameHub-iOS.release.xcconfig"; path = "Target Support Files/Pods-GameHub-iOS/Pods-GameHub-iOS.release.xcconfig"; sourceTree = "<group>"; };
		3364BE83858D84A09431AED2 /* Pods-GameHub-iOSTests.release.xcconfig */ = {isa = PBXFileReference; includeInIndex = 1; lastKnownFileType = text.xcconfig; name = "Pods-GameHub-iOSTests.release.xcconfig"; path = "Target Support Files/Pods-GameHub-iOSTests/Pods-GameHub-iOSTests.release.xcconfig"; sourceTree = "<group>"; };
		4E2349BD239ECC89003AB6DD /* loading_infinity.json */ = {isa = PBXFileReference; fileEncoding = 4; lastKnownFileType = text.json; path = loading_infinity.json; sourceTree = "<group>"; };
		4E3EE1A82399AFE1006E1670 /* PartyIdentifierDTO.swift */ = {isa = PBXFileReference; lastKnownFileType = sourcecode.swift; path = PartyIdentifierDTO.swift; sourceTree = "<group>"; };
		4E48CC562393B6FD009680DD /* MapViewController.swift */ = {isa = PBXFileReference; lastKnownFileType = sourcecode.swift; path = MapViewController.swift; sourceTree = "<group>"; };
		4E7B51BC23A29D400005CF46 /* SessionManager.swift */ = {isa = PBXFileReference; lastKnownFileType = sourcecode.swift; path = SessionManager.swift; sourceTree = "<group>"; };
		4E7EE050238C20FC0070FC1D /* GameHub-iOS.app */ = {isa = PBXFileReference; explicitFileType = wrapper.application; includeInIndex = 0; path = "GameHub-iOS.app"; sourceTree = BUILT_PRODUCTS_DIR; };
		4E7EE053238C20FC0070FC1D /* AppDelegate.swift */ = {isa = PBXFileReference; lastKnownFileType = sourcecode.swift; path = AppDelegate.swift; sourceTree = "<group>"; };
		4E7EE055238C20FC0070FC1D /* SceneDelegate.swift */ = {isa = PBXFileReference; lastKnownFileType = sourcecode.swift; path = SceneDelegate.swift; sourceTree = "<group>"; };
		4E7EE05A238C20FC0070FC1D /* Base */ = {isa = PBXFileReference; lastKnownFileType = file.storyboard; name = Base; path = Base.lproj/Main.storyboard; sourceTree = "<group>"; };
		4E7EE05D238C20FC0070FC1D /* GameHub_iOS.xcdatamodel */ = {isa = PBXFileReference; lastKnownFileType = wrapper.xcdatamodel; path = GameHub_iOS.xcdatamodel; sourceTree = "<group>"; };
		4E7EE05F238C20FE0070FC1D /* Assets.xcassets */ = {isa = PBXFileReference; lastKnownFileType = folder.assetcatalog; path = Assets.xcassets; sourceTree = "<group>"; };
		4E7EE062238C20FE0070FC1D /* Base */ = {isa = PBXFileReference; lastKnownFileType = file.storyboard; name = Base; path = Base.lproj/LaunchScreen.storyboard; sourceTree = "<group>"; };
		4E7EE064238C20FE0070FC1D /* Info.plist */ = {isa = PBXFileReference; lastKnownFileType = text.plist.xml; path = Info.plist; sourceTree = "<group>"; };
		4E7EE069238C20FE0070FC1D /* GameHub-iOSTests.xctest */ = {isa = PBXFileReference; explicitFileType = wrapper.cfbundle; includeInIndex = 0; path = "GameHub-iOSTests.xctest"; sourceTree = BUILT_PRODUCTS_DIR; };
		4E7EE06D238C20FE0070FC1D /* GameHub_iOSTests.swift */ = {isa = PBXFileReference; lastKnownFileType = sourcecode.swift; path = GameHub_iOSTests.swift; sourceTree = "<group>"; };
		4E7EE06F238C20FE0070FC1D /* Info.plist */ = {isa = PBXFileReference; lastKnownFileType = text.plist.xml; path = Info.plist; sourceTree = "<group>"; };
		4E7EE074238C20FE0070FC1D /* GameHub-iOSUITests.xctest */ = {isa = PBXFileReference; explicitFileType = wrapper.cfbundle; includeInIndex = 0; path = "GameHub-iOSUITests.xctest"; sourceTree = BUILT_PRODUCTS_DIR; };
		4E7EE078238C20FE0070FC1D /* GameHub_iOSUITests.swift */ = {isa = PBXFileReference; lastKnownFileType = sourcecode.swift; path = GameHub_iOSUITests.swift; sourceTree = "<group>"; };
		4E7EE07A238C20FE0070FC1D /* Info.plist */ = {isa = PBXFileReference; lastKnownFileType = text.plist.xml; path = Info.plist; sourceTree = "<group>"; };
		4EA0D792239BC2470044A245 /* SwipeOverlay.swift */ = {isa = PBXFileReference; lastKnownFileType = sourcecode.swift; path = SwipeOverlay.swift; sourceTree = "<group>"; };
		4EAC10B4238D1AFF0092D423 /* Game.swift */ = {isa = PBXFileReference; lastKnownFileType = sourcecode.swift; path = Game.swift; sourceTree = "<group>"; };
		4EAC10B6238D1B310092D423 /* GameType.swift */ = {isa = PBXFileReference; lastKnownFileType = sourcecode.swift; path = GameType.swift; sourceTree = "<group>"; };
		4EAC10B8238D1B8B0092D423 /* Party.swift */ = {isa = PBXFileReference; lastKnownFileType = sourcecode.swift; path = Party.swift; sourceTree = "<group>"; };
		4EAC10BC238D1BB20092D423 /* UserRole.swift */ = {isa = PBXFileReference; lastKnownFileType = sourcecode.swift; path = UserRole.swift; sourceTree = "<group>"; };
		4EAC10BE238D1BE10092D423 /* User.swift */ = {isa = PBXFileReference; lastKnownFileType = sourcecode.swift; path = User.swift; sourceTree = "<group>"; };
		4EAC10C1238D29520092D423 /* CardStackViewController.swift */ = {isa = PBXFileReference; lastKnownFileType = sourcecode.swift; path = CardStackViewController.swift; sourceTree = "<group>"; };
		4EAC10C3238D2DB10092D423 /* PartyTableViewCell.swift */ = {isa = PBXFileReference; lastKnownFileType = sourcecode.swift; path = PartyTableViewCell.swift; sourceTree = "<group>"; };
		4EAC10C4238D2DB10092D423 /* PartyTableViewCell.xib */ = {isa = PBXFileReference; lastKnownFileType = file.xib; path = PartyTableViewCell.xib; sourceTree = "<group>"; };
		4EC71AD02392BB3C00F2FA1A /* Auth0.plist */ = {isa = PBXFileReference; lastKnownFileType = text.plist.xml; path = Auth0.plist; sourceTree = "<group>"; };
		4EC71AD22392BEB200F2FA1A /* AuthenticationViewController.swift */ = {isa = PBXFileReference; lastKnownFileType = sourcecode.swift; path = AuthenticationViewController.swift; sourceTree = "<group>"; };
		4EC71AD42392C79700F2FA1A /* PartyOverviewViewController.swift */ = {isa = PBXFileReference; lastKnownFileType = sourcecode.swift; path = PartyOverviewViewController.swift; sourceTree = "<group>"; };
		4EC71AD62392E2F400F2FA1A /* NetworkManager.swift */ = {isa = PBXFileReference; lastKnownFileType = sourcecode.swift; path = NetworkManager.swift; sourceTree = "<group>"; };
		4EC71AD82392FFE000F2FA1A /* GamesNetworkContainer.swift */ = {isa = PBXFileReference; lastKnownFileType = sourcecode.swift; path = GamesNetworkContainer.swift; sourceTree = "<group>"; };
		4EC71ADA2393131000F2FA1A /* PartiesNetworkContainer.swift */ = {isa = PBXFileReference; lastKnownFileType = sourcecode.swift; path = PartiesNetworkContainer.swift; sourceTree = "<group>"; };
		4EC71ADC2393163C00F2FA1A /* Location.swift */ = {isa = PBXFileReference; lastKnownFileType = sourcecode.swift; path = Location.swift; sourceTree = "<group>"; };
		4ED7B1D32395D9FC004F62D2 /* SettingsViewController.swift */ = {isa = PBXFileReference; lastKnownFileType = sourcecode.swift; path = SettingsViewController.swift; sourceTree = "<group>"; };
		4EDC2EA623A4E56B003A0CB8 /* RegisterDTO.swift */ = {isa = PBXFileReference; lastKnownFileType = sourcecode.swift; path = RegisterDTO.swift; sourceTree = "<group>"; };
		4EDC2EA823A4F9A7003A0CB8 /* LoginDTO.swift */ = {isa = PBXFileReference; lastKnownFileType = sourcecode.swift; path = LoginDTO.swift; sourceTree = "<group>"; };
		4EDC2EAA23A4FC6B003A0CB8 /* UserNetworkContainer.swift */ = {isa = PBXFileReference; lastKnownFileType = sourcecode.swift; path = UserNetworkContainer.swift; sourceTree = "<group>"; };
		4EDD4DDB239C33EC00595F56 /* error.json */ = {isa = PBXFileReference; fileEncoding = 4; lastKnownFileType = text.json; path = error.json; sourceTree = "<group>"; };
		4EDD4DDF239C492900595F56 /* DateParser.swift */ = {isa = PBXFileReference; lastKnownFileType = sourcecode.swift; path = DateParser.swift; sourceTree = "<group>"; };
		5F2944EE841873EEC5F3114D /* Pods-GameHub-iOS-GameHub-iOSUITests.debug.xcconfig */ = {isa = PBXFileReference; includeInIndex = 1; lastKnownFileType = text.xcconfig; name = "Pods-GameHub-iOS-GameHub-iOSUITests.debug.xcconfig"; path = "Target Support Files/Pods-GameHub-iOS-GameHub-iOSUITests/Pods-GameHub-iOS-GameHub-iOSUITests.debug.xcconfig"; sourceTree = "<group>"; };
		78E6BE7CCAD36CC2847CD229 /* Pods_GameHub_iOSTests.framework */ = {isa = PBXFileReference; explicitFileType = wrapper.framework; includeInIndex = 0; path = Pods_GameHub_iOSTests.framework; sourceTree = BUILT_PRODUCTS_DIR; };
		7C795B457DBD893D9AE70AA4 /* Pods-GameHub-iOS.debug.xcconfig */ = {isa = PBXFileReference; includeInIndex = 1; lastKnownFileType = text.xcconfig; name = "Pods-GameHub-iOS.debug.xcconfig"; path = "Target Support Files/Pods-GameHub-iOS/Pods-GameHub-iOS.debug.xcconfig"; sourceTree = "<group>"; };
		C7EFCCA634CBB77CC5A4EC2B /* Pods_GameHub_iOS.framework */ = {isa = PBXFileReference; explicitFileType = wrapper.framework; includeInIndex = 0; path = Pods_GameHub_iOS.framework; sourceTree = BUILT_PRODUCTS_DIR; };
		D1649534AF5B88233444395F /* Pods-GameHub-iOSTests.debug.xcconfig */ = {isa = PBXFileReference; includeInIndex = 1; lastKnownFileType = text.xcconfig; name = "Pods-GameHub-iOSTests.debug.xcconfig"; path = "Target Support Files/Pods-GameHub-iOSTests/Pods-GameHub-iOSTests.debug.xcconfig"; sourceTree = "<group>"; };
		EA9361EB26749185FB1634F3 /* Pods_GameHub_iOS_GameHub_iOSUITests.framework */ = {isa = PBXFileReference; explicitFileType = wrapper.framework; includeInIndex = 0; path = Pods_GameHub_iOS_GameHub_iOSUITests.framework; sourceTree = BUILT_PRODUCTS_DIR; };
		F469AF41F0EB7A4E0685C668 /* Pods-GameHub-iOS-GameHub-iOSUITests.release.xcconfig */ = {isa = PBXFileReference; includeInIndex = 1; lastKnownFileType = text.xcconfig; name = "Pods-GameHub-iOS-GameHub-iOSUITests.release.xcconfig"; path = "Target Support Files/Pods-GameHub-iOS-GameHub-iOSUITests/Pods-GameHub-iOS-GameHub-iOSUITests.release.xcconfig"; sourceTree = "<group>"; };
/* End PBXFileReference section */

/* Begin PBXFrameworksBuildPhase section */
		4E7EE04D238C20FC0070FC1D /* Frameworks */ = {
			isa = PBXFrameworksBuildPhase;
			buildActionMask = 2147483647;
			files = (
				21F200BE198662C9BEA7772E /* Pods_GameHub_iOS.framework in Frameworks */,
			);
			runOnlyForDeploymentPostprocessing = 0;
		};
		4E7EE066238C20FE0070FC1D /* Frameworks */ = {
			isa = PBXFrameworksBuildPhase;
			buildActionMask = 2147483647;
			files = (
				72061261DC51E0367A19F272 /* Pods_GameHub_iOSTests.framework in Frameworks */,
			);
			runOnlyForDeploymentPostprocessing = 0;
		};
		4E7EE071238C20FE0070FC1D /* Frameworks */ = {
			isa = PBXFrameworksBuildPhase;
			buildActionMask = 2147483647;
			files = (
				471BEE28DD9396B2DE74ECAA /* Pods_GameHub_iOS_GameHub_iOSUITests.framework in Frameworks */,
			);
			runOnlyForDeploymentPostprocessing = 0;
		};
/* End PBXFrameworksBuildPhase section */

/* Begin PBXGroup section */
		4E48CC582393F250009680DD /* Animations */ = {
			isa = PBXGroup;
			children = (
				4E2349BD239ECC89003AB6DD /* loading_infinity.json */,
				4EDD4DDB239C33EC00595F56 /* error.json */,
			);
			path = Animations;
			sourceTree = "<group>";
		};
		4E7B51BB23A29D290005CF46 /* Auth0 */ = {
			isa = PBXGroup;
			children = (
				4E7B51BC23A29D400005CF46 /* SessionManager.swift */,
			);
			path = Auth0;
			sourceTree = "<group>";
		};
		4E7EE047238C20FC0070FC1D = {
			isa = PBXGroup;
			children = (
				4E7EE052238C20FC0070FC1D /* GameHub-iOS */,
				4E7EE06C238C20FE0070FC1D /* GameHub-iOSTests */,
				4E7EE077238C20FE0070FC1D /* GameHub-iOSUITests */,
				4E7EE051238C20FC0070FC1D /* Products */,
				CBDDABCABE605FC0F0A35C6D /* Pods */,
				7743DA11530BB65161ABFCA5 /* Frameworks */,
			);
			sourceTree = "<group>";
		};
		4E7EE051238C20FC0070FC1D /* Products */ = {
			isa = PBXGroup;
			children = (
				4E7EE050238C20FC0070FC1D /* GameHub-iOS.app */,
				4E7EE069238C20FE0070FC1D /* GameHub-iOSTests.xctest */,
				4E7EE074238C20FE0070FC1D /* GameHub-iOSUITests.xctest */,
			);
			name = Products;
			sourceTree = "<group>";
		};
		4E7EE052238C20FC0070FC1D /* GameHub-iOS */ = {
			isa = PBXGroup;
			children = (
				4E7B51BB23A29D290005CF46 /* Auth0 */,
				4E48CC582393F250009680DD /* Animations */,
				4EAC10C0238D290F0092D423 /*  ViewControllers */,
				4EAC10B3238D19D10092D423 /* Network */,
				4EAC10B2238D198F0092D423 /* Domain */,
				4EAC10B0238D197F0092D423 /* Views */,
				4E7EE053238C20FC0070FC1D /* AppDelegate.swift */,
				4E7EE055238C20FC0070FC1D /* SceneDelegate.swift */,
				4E7EE059238C20FC0070FC1D /* Main.storyboard */,
				4E7EE05F238C20FE0070FC1D /* Assets.xcassets */,
				4E7EE061238C20FE0070FC1D /* LaunchScreen.storyboard */,
				4E7EE064238C20FE0070FC1D /* Info.plist */,
				4E7EE05C238C20FC0070FC1D /* GameHub_iOS.xcdatamodeld */,
				4EC71AD02392BB3C00F2FA1A /* Auth0.plist */,
			);
			path = "GameHub-iOS";
			sourceTree = "<group>";
		};
		4E7EE06C238C20FE0070FC1D /* GameHub-iOSTests */ = {
			isa = PBXGroup;
			children = (
				4E7EE06D238C20FE0070FC1D /* GameHub_iOSTests.swift */,
				4E7EE06F238C20FE0070FC1D /* Info.plist */,
			);
			path = "GameHub-iOSTests";
			sourceTree = "<group>";
		};
		4E7EE077238C20FE0070FC1D /* GameHub-iOSUITests */ = {
			isa = PBXGroup;
			children = (
				4E7EE078238C20FE0070FC1D /* GameHub_iOSUITests.swift */,
				4E7EE07A238C20FE0070FC1D /* Info.plist */,
			);
			path = "GameHub-iOSUITests";
			sourceTree = "<group>";
		};
		4EAC10B0238D197F0092D423 /* Views */ = {
			isa = PBXGroup;
			children = (
				4EAC10C3238D2DB10092D423 /* PartyTableViewCell.swift */,
				4EAC10C4238D2DB10092D423 /* PartyTableViewCell.xib */,
				4EA0D792239BC2470044A245 /* SwipeOverlay.swift */,
			);
			path = Views;
			sourceTree = "<group>";
		};
		4EAC10B2238D198F0092D423 /* Domain */ = {
			isa = PBXGroup;
			children = (
				4EAC10B4238D1AFF0092D423 /* Game.swift */,
				4EAC10B6238D1B310092D423 /* GameType.swift */,
				4EAC10B8238D1B8B0092D423 /* Party.swift */,
				4EAC10BC238D1BB20092D423 /* UserRole.swift */,
				4EAC10BE238D1BE10092D423 /* User.swift */,
				4EC71ADC2393163C00F2FA1A /* Location.swift */,
			);
			path = Domain;
			sourceTree = "<group>";
		};
		4EAC10B3238D19D10092D423 /* Network */ = {
			isa = PBXGroup;
			children = (
				4EC71AD82392FFE000F2FA1A /* GamesNetworkContainer.swift */,
				4EC71AD62392E2F400F2FA1A /* NetworkManager.swift */,
				4EC71ADA2393131000F2FA1A /* PartiesNetworkContainer.swift */,
				4E3EE1A82399AFE1006E1670 /* PartyIdentifierDTO.swift */,
				4EDD4DDF239C492900595F56 /* DateParser.swift */,
				4EDC2EA623A4E56B003A0CB8 /* RegisterDTO.swift */,
				4EDC2EA823A4F9A7003A0CB8 /* LoginDTO.swift */,
				4EDC2EAA23A4FC6B003A0CB8 /* UserNetworkContainer.swift */,
			);
			path = Network;
			sourceTree = "<group>";
		};
		4EAC10C0238D290F0092D423 /*  ViewControllers */ = {
			isa = PBXGroup;
			children = (
				4EAC10C1238D29520092D423 /* CardStackViewController.swift */,
				4EC71AD22392BEB200F2FA1A /* AuthenticationViewController.swift */,
				4EC71AD42392C79700F2FA1A /* PartyOverviewViewController.swift */,
				4E48CC562393B6FD009680DD /* MapViewController.swift */,
				4ED7B1D32395D9FC004F62D2 /* SettingsViewController.swift */,
			);
			path = " ViewControllers";
			sourceTree = "<group>";
		};
		7743DA11530BB65161ABFCA5 /* Frameworks */ = {
			isa = PBXGroup;
			children = (
				C7EFCCA634CBB77CC5A4EC2B /* Pods_GameHub_iOS.framework */,
				EA9361EB26749185FB1634F3 /* Pods_GameHub_iOS_GameHub_iOSUITests.framework */,
				78E6BE7CCAD36CC2847CD229 /* Pods_GameHub_iOSTests.framework */,
			);
			name = Frameworks;
			sourceTree = "<group>";
		};
		CBDDABCABE605FC0F0A35C6D /* Pods */ = {
			isa = PBXGroup;
			children = (
				7C795B457DBD893D9AE70AA4 /* Pods-GameHub-iOS.debug.xcconfig */,
				03CA9DE0440D134B4365C9BF /* Pods-GameHub-iOS.release.xcconfig */,
				5F2944EE841873EEC5F3114D /* Pods-GameHub-iOS-GameHub-iOSUITests.debug.xcconfig */,
				F469AF41F0EB7A4E0685C668 /* Pods-GameHub-iOS-GameHub-iOSUITests.release.xcconfig */,
				D1649534AF5B88233444395F /* Pods-GameHub-iOSTests.debug.xcconfig */,
				3364BE83858D84A09431AED2 /* Pods-GameHub-iOSTests.release.xcconfig */,
			);
			path = Pods;
			sourceTree = "<group>";
		};
/* End PBXGroup section */

/* Begin PBXNativeTarget section */
		4E7EE04F238C20FC0070FC1D /* GameHub-iOS */ = {
			isa = PBXNativeTarget;
			buildConfigurationList = 4E7EE07D238C20FE0070FC1D /* Build configuration list for PBXNativeTarget "GameHub-iOS" */;
			buildPhases = (
				F9C178F11DE51B2A761405AC /* [CP] Check Pods Manifest.lock */,
				4E7EE04C238C20FC0070FC1D /* Sources */,
				4E7EE04D238C20FC0070FC1D /* Frameworks */,
				4E7EE04E238C20FC0070FC1D /* Resources */,
				2628C9889A64415390B6CE47 /* [CP] Embed Pods Frameworks */,
			);
			buildRules = (
			);
			dependencies = (
			);
			name = "GameHub-iOS";
			productName = "GameHub-iOS";
			productReference = 4E7EE050238C20FC0070FC1D /* GameHub-iOS.app */;
			productType = "com.apple.product-type.application";
		};
		4E7EE068238C20FE0070FC1D /* GameHub-iOSTests */ = {
			isa = PBXNativeTarget;
			buildConfigurationList = 4E7EE080238C20FE0070FC1D /* Build configuration list for PBXNativeTarget "GameHub-iOSTests" */;
			buildPhases = (
				7E105AE22A665BC099A3D742 /* [CP] Check Pods Manifest.lock */,
				4E7EE065238C20FE0070FC1D /* Sources */,
				4E7EE066238C20FE0070FC1D /* Frameworks */,
				4E7EE067238C20FE0070FC1D /* Resources */,
			);
			buildRules = (
			);
			dependencies = (
				4E7EE06B238C20FE0070FC1D /* PBXTargetDependency */,
			);
			name = "GameHub-iOSTests";
			productName = "GameHub-iOSTests";
			productReference = 4E7EE069238C20FE0070FC1D /* GameHub-iOSTests.xctest */;
			productType = "com.apple.product-type.bundle.unit-test";
		};
		4E7EE073238C20FE0070FC1D /* GameHub-iOSUITests */ = {
			isa = PBXNativeTarget;
			buildConfigurationList = 4E7EE083238C20FE0070FC1D /* Build configuration list for PBXNativeTarget "GameHub-iOSUITests" */;
			buildPhases = (
				9234FB61DFDF093F0E72C48A /* [CP] Check Pods Manifest.lock */,
				4E7EE070238C20FE0070FC1D /* Sources */,
				4E7EE071238C20FE0070FC1D /* Frameworks */,
				4E7EE072238C20FE0070FC1D /* Resources */,
				7B13D70136CCEC9ADA30F40C /* [CP] Embed Pods Frameworks */,
			);
			buildRules = (
			);
			dependencies = (
				4E7EE076238C20FE0070FC1D /* PBXTargetDependency */,
			);
			name = "GameHub-iOSUITests";
			productName = "GameHub-iOSUITests";
			productReference = 4E7EE074238C20FE0070FC1D /* GameHub-iOSUITests.xctest */;
			productType = "com.apple.product-type.bundle.ui-testing";
		};
/* End PBXNativeTarget section */

/* Begin PBXProject section */
		4E7EE048238C20FC0070FC1D /* Project object */ = {
			isa = PBXProject;
			attributes = {
				LastSwiftUpdateCheck = 1100;
				LastUpgradeCheck = 1100;
				ORGANIZATIONNAME = Digitized;
				TargetAttributes = {
					4E7EE04F238C20FC0070FC1D = {
						CreatedOnToolsVersion = 11.0;
					};
					4E7EE068238C20FE0070FC1D = {
						CreatedOnToolsVersion = 11.0;
						TestTargetID = 4E7EE04F238C20FC0070FC1D;
					};
					4E7EE073238C20FE0070FC1D = {
						CreatedOnToolsVersion = 11.0;
						TestTargetID = 4E7EE04F238C20FC0070FC1D;
					};
				};
			};
			buildConfigurationList = 4E7EE04B238C20FC0070FC1D /* Build configuration list for PBXProject "GameHub-iOS" */;
			compatibilityVersion = "Xcode 9.3";
			developmentRegion = en;
			hasScannedForEncodings = 0;
			knownRegions = (
				en,
				Base,
			);
			mainGroup = 4E7EE047238C20FC0070FC1D;
			productRefGroup = 4E7EE051238C20FC0070FC1D /* Products */;
			projectDirPath = "";
			projectRoot = "";
			targets = (
				4E7EE04F238C20FC0070FC1D /* GameHub-iOS */,
				4E7EE068238C20FE0070FC1D /* GameHub-iOSTests */,
				4E7EE073238C20FE0070FC1D /* GameHub-iOSUITests */,
			);
		};
/* End PBXProject section */

/* Begin PBXResourcesBuildPhase section */
		4E7EE04E238C20FC0070FC1D /* Resources */ = {
			isa = PBXResourcesBuildPhase;
			buildActionMask = 2147483647;
			files = (
				4EDD4DDC239C33EC00595F56 /* error.json in Resources */,
				4EC71AD12392BB3C00F2FA1A /* Auth0.plist in Resources */,
				4E7EE063238C20FE0070FC1D /* LaunchScreen.storyboard in Resources */,
				4E7EE060238C20FE0070FC1D /* Assets.xcassets in Resources */,
				4EAC10C6238D2DB10092D423 /* PartyTableViewCell.xib in Resources */,
				4E2349BE239ECC89003AB6DD /* loading_infinity.json in Resources */,
				4E7EE05B238C20FC0070FC1D /* Main.storyboard in Resources */,
			);
			runOnlyForDeploymentPostprocessing = 0;
		};
		4E7EE067238C20FE0070FC1D /* Resources */ = {
			isa = PBXResourcesBuildPhase;
			buildActionMask = 2147483647;
			files = (
			);
			runOnlyForDeploymentPostprocessing = 0;
		};
		4E7EE072238C20FE0070FC1D /* Resources */ = {
			isa = PBXResourcesBuildPhase;
			buildActionMask = 2147483647;
			files = (
			);
			runOnlyForDeploymentPostprocessing = 0;
		};
/* End PBXResourcesBuildPhase section */

/* Begin PBXShellScriptBuildPhase section */
		2628C9889A64415390B6CE47 /* [CP] Embed Pods Frameworks */ = {
			isa = PBXShellScriptBuildPhase;
			buildActionMask = 2147483647;
			files = (
			);
			inputFileListPaths = (
				"${PODS_ROOT}/Target Support Files/Pods-GameHub-iOS/Pods-GameHub-iOS-frameworks-${CONFIGURATION}-input-files.xcfilelist",
			);
			name = "[CP] Embed Pods Frameworks";
			outputFileListPaths = (
				"${PODS_ROOT}/Target Support Files/Pods-GameHub-iOS/Pods-GameHub-iOS-frameworks-${CONFIGURATION}-output-files.xcfilelist",
			);
			runOnlyForDeploymentPostprocessing = 0;
			shellPath = /bin/sh;
			shellScript = "\"${PODS_ROOT}/Target Support Files/Pods-GameHub-iOS/Pods-GameHub-iOS-frameworks.sh\"\n";
			showEnvVarsInLog = 0;
		};
		7B13D70136CCEC9ADA30F40C /* [CP] Embed Pods Frameworks */ = {
			isa = PBXShellScriptBuildPhase;
			buildActionMask = 2147483647;
			files = (
			);
			inputFileListPaths = (
				"${PODS_ROOT}/Target Support Files/Pods-GameHub-iOS-GameHub-iOSUITests/Pods-GameHub-iOS-GameHub-iOSUITests-frameworks-${CONFIGURATION}-input-files.xcfilelist",
			);
			name = "[CP] Embed Pods Frameworks";
			outputFileListPaths = (
				"${PODS_ROOT}/Target Support Files/Pods-GameHub-iOS-GameHub-iOSUITests/Pods-GameHub-iOS-GameHub-iOSUITests-frameworks-${CONFIGURATION}-output-files.xcfilelist",
			);
			runOnlyForDeploymentPostprocessing = 0;
			shellPath = /bin/sh;
			shellScript = "\"${PODS_ROOT}/Target Support Files/Pods-GameHub-iOS-GameHub-iOSUITests/Pods-GameHub-iOS-GameHub-iOSUITests-frameworks.sh\"\n";
			showEnvVarsInLog = 0;
		};
		7E105AE22A665BC099A3D742 /* [CP] Check Pods Manifest.lock */ = {
			isa = PBXShellScriptBuildPhase;
			buildActionMask = 2147483647;
			files = (
			);
			inputFileListPaths = (
			);
			inputPaths = (
				"${PODS_PODFILE_DIR_PATH}/Podfile.lock",
				"${PODS_ROOT}/Manifest.lock",
			);
			name = "[CP] Check Pods Manifest.lock";
			outputFileListPaths = (
			);
			outputPaths = (
				"$(DERIVED_FILE_DIR)/Pods-GameHub-iOSTests-checkManifestLockResult.txt",
			);
			runOnlyForDeploymentPostprocessing = 0;
			shellPath = /bin/sh;
			shellScript = "diff \"${PODS_PODFILE_DIR_PATH}/Podfile.lock\" \"${PODS_ROOT}/Manifest.lock\" > /dev/null\nif [ $? != 0 ] ; then\n    # print error to STDERR\n    echo \"error: The sandbox is not in sync with the Podfile.lock. Run 'pod install' or update your CocoaPods installation.\" >&2\n    exit 1\nfi\n# This output is used by Xcode 'outputs' to avoid re-running this script phase.\necho \"SUCCESS\" > \"${SCRIPT_OUTPUT_FILE_0}\"\n";
			showEnvVarsInLog = 0;
		};
		9234FB61DFDF093F0E72C48A /* [CP] Check Pods Manifest.lock */ = {
			isa = PBXShellScriptBuildPhase;
			buildActionMask = 2147483647;
			files = (
			);
			inputFileListPaths = (
			);
			inputPaths = (
				"${PODS_PODFILE_DIR_PATH}/Podfile.lock",
				"${PODS_ROOT}/Manifest.lock",
			);
			name = "[CP] Check Pods Manifest.lock";
			outputFileListPaths = (
			);
			outputPaths = (
				"$(DERIVED_FILE_DIR)/Pods-GameHub-iOS-GameHub-iOSUITests-checkManifestLockResult.txt",
			);
			runOnlyForDeploymentPostprocessing = 0;
			shellPath = /bin/sh;
			shellScript = "diff \"${PODS_PODFILE_DIR_PATH}/Podfile.lock\" \"${PODS_ROOT}/Manifest.lock\" > /dev/null\nif [ $? != 0 ] ; then\n    # print error to STDERR\n    echo \"error: The sandbox is not in sync with the Podfile.lock. Run 'pod install' or update your CocoaPods installation.\" >&2\n    exit 1\nfi\n# This output is used by Xcode 'outputs' to avoid re-running this script phase.\necho \"SUCCESS\" > \"${SCRIPT_OUTPUT_FILE_0}\"\n";
			showEnvVarsInLog = 0;
		};
		F9C178F11DE51B2A761405AC /* [CP] Check Pods Manifest.lock */ = {
			isa = PBXShellScriptBuildPhase;
			buildActionMask = 2147483647;
			files = (
			);
			inputFileListPaths = (
			);
			inputPaths = (
				"${PODS_PODFILE_DIR_PATH}/Podfile.lock",
				"${PODS_ROOT}/Manifest.lock",
			);
			name = "[CP] Check Pods Manifest.lock";
			outputFileListPaths = (
			);
			outputPaths = (
				"$(DERIVED_FILE_DIR)/Pods-GameHub-iOS-checkManifestLockResult.txt",
			);
			runOnlyForDeploymentPostprocessing = 0;
			shellPath = /bin/sh;
			shellScript = "diff \"${PODS_PODFILE_DIR_PATH}/Podfile.lock\" \"${PODS_ROOT}/Manifest.lock\" > /dev/null\nif [ $? != 0 ] ; then\n    # print error to STDERR\n    echo \"error: The sandbox is not in sync with the Podfile.lock. Run 'pod install' or update your CocoaPods installation.\" >&2\n    exit 1\nfi\n# This output is used by Xcode 'outputs' to avoid re-running this script phase.\necho \"SUCCESS\" > \"${SCRIPT_OUTPUT_FILE_0}\"\n";
			showEnvVarsInLog = 0;
		};
/* End PBXShellScriptBuildPhase section */

/* Begin PBXSourcesBuildPhase section */
		4E7EE04C238C20FC0070FC1D /* Sources */ = {
			isa = PBXSourcesBuildPhase;
			buildActionMask = 2147483647;
			files = (
				4EC71AD92392FFE000F2FA1A /* GamesNetworkContainer.swift in Sources */,
				4E7B51BD23A29D400005CF46 /* SessionManager.swift in Sources */,
				4E3EE1A92399AFE1006E1670 /* PartyIdentifierDTO.swift in Sources */,
				4EAC10B5238D1AFF0092D423 /* Game.swift in Sources */,
				4EC71AD52392C79700F2FA1A /* PartyOverviewViewController.swift in Sources */,
				4ED7B1D42395D9FC004F62D2 /* SettingsViewController.swift in Sources */,
				4EAC10BD238D1BB20092D423 /* UserRole.swift in Sources */,
				4EC71ADD2393163C00F2FA1A /* Location.swift in Sources */,
				4EDC2EA723A4E56B003A0CB8 /* RegisterDTO.swift in Sources */,
				4E7EE054238C20FC0070FC1D /* AppDelegate.swift in Sources */,
				4EAC10B9238D1B8B0092D423 /* Party.swift in Sources */,
				4E48CC572393B6FD009680DD /* MapViewController.swift in Sources */,
				4EA0D793239BC2470044A245 /* SwipeOverlay.swift in Sources */,
				4EC71ADB2393131000F2FA1A /* PartiesNetworkContainer.swift in Sources */,
				4EDC2EAB23A4FC6B003A0CB8 /* UserNetworkContainer.swift in Sources */,
				4EAC10C5238D2DB10092D423 /* PartyTableViewCell.swift in Sources */,
				4EAC10BF238D1BE10092D423 /* User.swift in Sources */,
				4EAC10B7238D1B310092D423 /* GameType.swift in Sources */,
				4EDC2EA923A4F9A7003A0CB8 /* LoginDTO.swift in Sources */,
				4E7EE056238C20FC0070FC1D /* SceneDelegate.swift in Sources */,
				4EC71AD32392BEB200F2FA1A /* AuthenticationViewController.swift in Sources */,
				4EC71AD72392E2F400F2FA1A /* NetworkManager.swift in Sources */,
				4EAC10C2238D29520092D423 /* CardStackViewController.swift in Sources */,
				4EDD4DE0239C492900595F56 /* DateParser.swift in Sources */,
				4E7EE05E238C20FC0070FC1D /* GameHub_iOS.xcdatamodeld in Sources */,
			);
			runOnlyForDeploymentPostprocessing = 0;
		};
		4E7EE065238C20FE0070FC1D /* Sources */ = {
			isa = PBXSourcesBuildPhase;
			buildActionMask = 2147483647;
			files = (
				4E7EE06E238C20FE0070FC1D /* GameHub_iOSTests.swift in Sources */,
			);
			runOnlyForDeploymentPostprocessing = 0;
		};
		4E7EE070238C20FE0070FC1D /* Sources */ = {
			isa = PBXSourcesBuildPhase;
			buildActionMask = 2147483647;
			files = (
				4E7EE079238C20FE0070FC1D /* GameHub_iOSUITests.swift in Sources */,
			);
			runOnlyForDeploymentPostprocessing = 0;
		};
/* End PBXSourcesBuildPhase section */

/* Begin PBXTargetDependency section */
		4E7EE06B238C20FE0070FC1D /* PBXTargetDependency */ = {
			isa = PBXTargetDependency;
			target = 4E7EE04F238C20FC0070FC1D /* GameHub-iOS */;
			targetProxy = 4E7EE06A238C20FE0070FC1D /* PBXContainerItemProxy */;
		};
		4E7EE076238C20FE0070FC1D /* PBXTargetDependency */ = {
			isa = PBXTargetDependency;
			target = 4E7EE04F238C20FC0070FC1D /* GameHub-iOS */;
			targetProxy = 4E7EE075238C20FE0070FC1D /* PBXContainerItemProxy */;
		};
/* End PBXTargetDependency section */

/* Begin PBXVariantGroup section */
		4E7EE059238C20FC0070FC1D /* Main.storyboard */ = {
			isa = PBXVariantGroup;
			children = (
				4E7EE05A238C20FC0070FC1D /* Base */,
			);
			name = Main.storyboard;
			sourceTree = "<group>";
		};
		4E7EE061238C20FE0070FC1D /* LaunchScreen.storyboard */ = {
			isa = PBXVariantGroup;
			children = (
				4E7EE062238C20FE0070FC1D /* Base */,
			);
			name = LaunchScreen.storyboard;
			sourceTree = "<group>";
		};
/* End PBXVariantGroup section */

/* Begin XCBuildConfiguration section */
		4E7EE07B238C20FE0070FC1D /* Debug */ = {
			isa = XCBuildConfiguration;
			buildSettings = {
				ALWAYS_SEARCH_USER_PATHS = NO;
				CLANG_ANALYZER_NONNULL = YES;
				CLANG_ANALYZER_NUMBER_OBJECT_CONVERSION = YES_AGGRESSIVE;
				CLANG_CXX_LANGUAGE_STANDARD = "gnu++14";
				CLANG_CXX_LIBRARY = "libc++";
				CLANG_ENABLE_MODULES = YES;
				CLANG_ENABLE_OBJC_ARC = YES;
				CLANG_ENABLE_OBJC_WEAK = YES;
				CLANG_WARN_BLOCK_CAPTURE_AUTORELEASING = YES;
				CLANG_WARN_BOOL_CONVERSION = YES;
				CLANG_WARN_COMMA = YES;
				CLANG_WARN_CONSTANT_CONVERSION = YES;
				CLANG_WARN_DEPRECATED_OBJC_IMPLEMENTATIONS = YES;
				CLANG_WARN_DIRECT_OBJC_ISA_USAGE = YES_ERROR;
				CLANG_WARN_DOCUMENTATION_COMMENTS = YES;
				CLANG_WARN_EMPTY_BODY = YES;
				CLANG_WARN_ENUM_CONVERSION = YES;
				CLANG_WARN_INFINITE_RECURSION = YES;
				CLANG_WARN_INT_CONVERSION = YES;
				CLANG_WARN_NON_LITERAL_NULL_CONVERSION = YES;
				CLANG_WARN_OBJC_IMPLICIT_RETAIN_SELF = YES;
				CLANG_WARN_OBJC_LITERAL_CONVERSION = YES;
				CLANG_WARN_OBJC_ROOT_CLASS = YES_ERROR;
				CLANG_WARN_RANGE_LOOP_ANALYSIS = YES;
				CLANG_WARN_STRICT_PROTOTYPES = YES;
				CLANG_WARN_SUSPICIOUS_MOVE = YES;
				CLANG_WARN_UNGUARDED_AVAILABILITY = YES_AGGRESSIVE;
				CLANG_WARN_UNREACHABLE_CODE = YES;
				CLANG_WARN__DUPLICATE_METHOD_MATCH = YES;
				COPY_PHASE_STRIP = NO;
				DEBUG_INFORMATION_FORMAT = dwarf;
				ENABLE_STRICT_OBJC_MSGSEND = YES;
				ENABLE_TESTABILITY = YES;
				GCC_C_LANGUAGE_STANDARD = gnu11;
				GCC_DYNAMIC_NO_PIC = NO;
				GCC_NO_COMMON_BLOCKS = YES;
				GCC_OPTIMIZATION_LEVEL = 0;
				GCC_PREPROCESSOR_DEFINITIONS = (
					"DEBUG=1",
					"$(inherited)",
				);
				GCC_WARN_64_TO_32_BIT_CONVERSION = YES;
				GCC_WARN_ABOUT_RETURN_TYPE = YES_ERROR;
				GCC_WARN_UNDECLARED_SELECTOR = YES;
				GCC_WARN_UNINITIALIZED_AUTOS = YES_AGGRESSIVE;
				GCC_WARN_UNUSED_FUNCTION = YES;
				GCC_WARN_UNUSED_VARIABLE = YES;
				IPHONEOS_DEPLOYMENT_TARGET = 13.0;
				MTL_ENABLE_DEBUG_INFO = INCLUDE_SOURCE;
				MTL_FAST_MATH = YES;
				ONLY_ACTIVE_ARCH = YES;
				SDKROOT = iphoneos;
				SWIFT_ACTIVE_COMPILATION_CONDITIONS = DEBUG;
				SWIFT_OPTIMIZATION_LEVEL = "-Onone";
			};
			name = Debug;
		};
		4E7EE07C238C20FE0070FC1D /* Release */ = {
			isa = XCBuildConfiguration;
			buildSettings = {
				ALWAYS_SEARCH_USER_PATHS = NO;
				CLANG_ANALYZER_NONNULL = YES;
				CLANG_ANALYZER_NUMBER_OBJECT_CONVERSION = YES_AGGRESSIVE;
				CLANG_CXX_LANGUAGE_STANDARD = "gnu++14";
				CLANG_CXX_LIBRARY = "libc++";
				CLANG_ENABLE_MODULES = YES;
				CLANG_ENABLE_OBJC_ARC = YES;
				CLANG_ENABLE_OBJC_WEAK = YES;
				CLANG_WARN_BLOCK_CAPTURE_AUTORELEASING = YES;
				CLANG_WARN_BOOL_CONVERSION = YES;
				CLANG_WARN_COMMA = YES;
				CLANG_WARN_CONSTANT_CONVERSION = YES;
				CLANG_WARN_DEPRECATED_OBJC_IMPLEMENTATIONS = YES;
				CLANG_WARN_DIRECT_OBJC_ISA_USAGE = YES_ERROR;
				CLANG_WARN_DOCUMENTATION_COMMENTS = YES;
				CLANG_WARN_EMPTY_BODY = YES;
				CLANG_WARN_ENUM_CONVERSION = YES;
				CLANG_WARN_INFINITE_RECURSION = YES;
				CLANG_WARN_INT_CONVERSION = YES;
				CLANG_WARN_NON_LITERAL_NULL_CONVERSION = YES;
				CLANG_WARN_OBJC_IMPLICIT_RETAIN_SELF = YES;
				CLANG_WARN_OBJC_LITERAL_CONVERSION = YES;
				CLANG_WARN_OBJC_ROOT_CLASS = YES_ERROR;
				CLANG_WARN_RANGE_LOOP_ANALYSIS = YES;
				CLANG_WARN_STRICT_PROTOTYPES = YES;
				CLANG_WARN_SUSPICIOUS_MOVE = YES;
				CLANG_WARN_UNGUARDED_AVAILABILITY = YES_AGGRESSIVE;
				CLANG_WARN_UNREACHABLE_CODE = YES;
				CLANG_WARN__DUPLICATE_METHOD_MATCH = YES;
				COPY_PHASE_STRIP = NO;
				DEBUG_INFORMATION_FORMAT = "dwarf-with-dsym";
				ENABLE_NS_ASSERTIONS = NO;
				ENABLE_STRICT_OBJC_MSGSEND = YES;
				GCC_C_LANGUAGE_STANDARD = gnu11;
				GCC_NO_COMMON_BLOCKS = YES;
				GCC_WARN_64_TO_32_BIT_CONVERSION = YES;
				GCC_WARN_ABOUT_RETURN_TYPE = YES_ERROR;
				GCC_WARN_UNDECLARED_SELECTOR = YES;
				GCC_WARN_UNINITIALIZED_AUTOS = YES_AGGRESSIVE;
				GCC_WARN_UNUSED_FUNCTION = YES;
				GCC_WARN_UNUSED_VARIABLE = YES;
				IPHONEOS_DEPLOYMENT_TARGET = 13.0;
				MTL_ENABLE_DEBUG_INFO = NO;
				MTL_FAST_MATH = YES;
				SDKROOT = iphoneos;
				SWIFT_COMPILATION_MODE = wholemodule;
				SWIFT_OPTIMIZATION_LEVEL = "-O";
				VALIDATE_PRODUCT = YES;
			};
			name = Release;
		};
		4E7EE07E238C20FE0070FC1D /* Debug */ = {
			isa = XCBuildConfiguration;
			baseConfigurationReference = 7C795B457DBD893D9AE70AA4 /* Pods-GameHub-iOS.debug.xcconfig */;
			buildSettings = {
				ASSETCATALOG_COMPILER_APPICON_NAME = AppIcon;
				CODE_SIGN_STYLE = Automatic;
				DEVELOPMENT_TEAM = W38D6WRX4K;
				INFOPLIST_FILE = "GameHub-iOS/Info.plist";
				LD_RUNPATH_SEARCH_PATHS = (
					"$(inherited)",
					"@executable_path/Frameworks",
				);
				PRODUCT_BUNDLE_IDENTIFIER = "Digitized.GameHub-iOS";
				PRODUCT_NAME = "$(TARGET_NAME)";
				SWIFT_VERSION = 5.0;
				TARGETED_DEVICE_FAMILY = "1,2";
			};
			name = Debug;
		};
		4E7EE07F238C20FE0070FC1D /* Release */ = {
			isa = XCBuildConfiguration;
			baseConfigurationReference = 03CA9DE0440D134B4365C9BF /* Pods-GameHub-iOS.release.xcconfig */;
			buildSettings = {
				ASSETCATALOG_COMPILER_APPICON_NAME = AppIcon;
				CODE_SIGN_STYLE = Automatic;
				DEVELOPMENT_TEAM = W38D6WRX4K;
				INFOPLIST_FILE = "GameHub-iOS/Info.plist";
				LD_RUNPATH_SEARCH_PATHS = (
					"$(inherited)",
					"@executable_path/Frameworks",
				);
				PRODUCT_BUNDLE_IDENTIFIER = "Digitized.GameHub-iOS";
				PRODUCT_NAME = "$(TARGET_NAME)";
				SWIFT_VERSION = 5.0;
				TARGETED_DEVICE_FAMILY = "1,2";
			};
			name = Release;
		};
		4E7EE081238C20FE0070FC1D /* Debug */ = {
			isa = XCBuildConfiguration;
			baseConfigurationReference = D1649534AF5B88233444395F /* Pods-GameHub-iOSTests.debug.xcconfig */;
			buildSettings = {
				ALWAYS_EMBED_SWIFT_STANDARD_LIBRARIES = YES;
				BUNDLE_LOADER = "$(TEST_HOST)";
				CODE_SIGN_STYLE = Automatic;
				DEVELOPMENT_TEAM = W38D6WRX4K;
				INFOPLIST_FILE = "GameHub-iOSTests/Info.plist";
				IPHONEOS_DEPLOYMENT_TARGET = 13.0;
				LD_RUNPATH_SEARCH_PATHS = (
					"$(inherited)",
					"@executable_path/Frameworks",
					"@loader_path/Frameworks",
				);
				PRODUCT_BUNDLE_IDENTIFIER = "Digitized.GameHub-iOSTests";
				PRODUCT_NAME = "$(TARGET_NAME)";
				SWIFT_VERSION = 5.0;
				TARGETED_DEVICE_FAMILY = "1,2";
				TEST_HOST = "$(BUILT_PRODUCTS_DIR)/GameHub-iOS.app/GameHub-iOS";
			};
			name = Debug;
		};
		4E7EE082238C20FE0070FC1D /* Release */ = {
			isa = XCBuildConfiguration;
			baseConfigurationReference = 3364BE83858D84A09431AED2 /* Pods-GameHub-iOSTests.release.xcconfig */;
			buildSettings = {
				ALWAYS_EMBED_SWIFT_STANDARD_LIBRARIES = YES;
				BUNDLE_LOADER = "$(TEST_HOST)";
				CODE_SIGN_STYLE = Automatic;
				DEVELOPMENT_TEAM = W38D6WRX4K;
				INFOPLIST_FILE = "GameHub-iOSTests/Info.plist";
				IPHONEOS_DEPLOYMENT_TARGET = 13.0;
				LD_RUNPATH_SEARCH_PATHS = (
					"$(inherited)",
					"@executable_path/Frameworks",
					"@loader_path/Frameworks",
				);
				PRODUCT_BUNDLE_IDENTIFIER = "Digitized.GameHub-iOSTests";
				PRODUCT_NAME = "$(TARGET_NAME)";
				SWIFT_VERSION = 5.0;
				TARGETED_DEVICE_FAMILY = "1,2";
				TEST_HOST = "$(BUILT_PRODUCTS_DIR)/GameHub-iOS.app/GameHub-iOS";
			};
			name = Release;
		};
		4E7EE084238C20FE0070FC1D /* Debug */ = {
			isa = XCBuildConfiguration;
			baseConfigurationReference = 5F2944EE841873EEC5F3114D /* Pods-GameHub-iOS-GameHub-iOSUITests.debug.xcconfig */;
			buildSettings = {
				ALWAYS_EMBED_SWIFT_STANDARD_LIBRARIES = YES;
				CODE_SIGN_STYLE = Automatic;
				DEVELOPMENT_TEAM = W38D6WRX4K;
				INFOPLIST_FILE = "GameHub-iOSUITests/Info.plist";
				LD_RUNPATH_SEARCH_PATHS = (
					"$(inherited)",
					"@executable_path/Frameworks",
					"@loader_path/Frameworks",
				);
				PRODUCT_BUNDLE_IDENTIFIER = "Digitized.GameHub-iOSUITests";
				PRODUCT_NAME = "$(TARGET_NAME)";
				SWIFT_VERSION = 5.0;
				TARGETED_DEVICE_FAMILY = "1,2";
				TEST_TARGET_NAME = "GameHub-iOS";
			};
			name = Debug;
		};
		4E7EE085238C20FE0070FC1D /* Release */ = {
			isa = XCBuildConfiguration;
			baseConfigurationReference = F469AF41F0EB7A4E0685C668 /* Pods-GameHub-iOS-GameHub-iOSUITests.release.xcconfig */;
			buildSettings = {
				ALWAYS_EMBED_SWIFT_STANDARD_LIBRARIES = YES;
				CODE_SIGN_STYLE = Automatic;
				DEVELOPMENT_TEAM = W38D6WRX4K;
				INFOPLIST_FILE = "GameHub-iOSUITests/Info.plist";
				LD_RUNPATH_SEARCH_PATHS = (
					"$(inherited)",
					"@executable_path/Frameworks",
					"@loader_path/Frameworks",
				);
				PRODUCT_BUNDLE_IDENTIFIER = "Digitized.GameHub-iOSUITests";
				PRODUCT_NAME = "$(TARGET_NAME)";
				SWIFT_VERSION = 5.0;
				TARGETED_DEVICE_FAMILY = "1,2";
				TEST_TARGET_NAME = "GameHub-iOS";
			};
			name = Release;
		};
/* End XCBuildConfiguration section */

/* Begin XCConfigurationList section */
		4E7EE04B238C20FC0070FC1D /* Build configuration list for PBXProject "GameHub-iOS" */ = {
			isa = XCConfigurationList;
			buildConfigurations = (
				4E7EE07B238C20FE0070FC1D /* Debug */,
				4E7EE07C238C20FE0070FC1D /* Release */,
			);
			defaultConfigurationIsVisible = 0;
			defaultConfigurationName = Release;
		};
		4E7EE07D238C20FE0070FC1D /* Build configuration list for PBXNativeTarget "GameHub-iOS" */ = {
			isa = XCConfigurationList;
			buildConfigurations = (
				4E7EE07E238C20FE0070FC1D /* Debug */,
				4E7EE07F238C20FE0070FC1D /* Release */,
			);
			defaultConfigurationIsVisible = 0;
			defaultConfigurationName = Release;
		};
		4E7EE080238C20FE0070FC1D /* Build configuration list for PBXNativeTarget "GameHub-iOSTests" */ = {
			isa = XCConfigurationList;
			buildConfigurations = (
				4E7EE081238C20FE0070FC1D /* Debug */,
				4E7EE082238C20FE0070FC1D /* Release */,
			);
			defaultConfigurationIsVisible = 0;
			defaultConfigurationName = Release;
		};
		4E7EE083238C20FE0070FC1D /* Build configuration list for PBXNativeTarget "GameHub-iOSUITests" */ = {
			isa = XCConfigurationList;
			buildConfigurations = (
				4E7EE084238C20FE0070FC1D /* Debug */,
				4E7EE085238C20FE0070FC1D /* Release */,
			);
			defaultConfigurationIsVisible = 0;
			defaultConfigurationName = Release;
		};
/* End XCConfigurationList section */

/* Begin XCVersionGroup section */
		4E7EE05C238C20FC0070FC1D /* GameHub_iOS.xcdatamodeld */ = {
			isa = XCVersionGroup;
			children = (
				4E7EE05D238C20FC0070FC1D /* GameHub_iOS.xcdatamodel */,
			);
			currentVersion = 4E7EE05D238C20FC0070FC1D /* GameHub_iOS.xcdatamodel */;
			path = GameHub_iOS.xcdatamodeld;
			sourceTree = "<group>";
			versionGroupType = wrapper.xcdatamodel;
		};
/* End XCVersionGroup section */
	};
	rootObject = 4E7EE048238C20FC0070FC1D /* Project object */;
}
